
Microsoft Visual Studio Solution File, Format Version 12.00
# Visual Studio Version 17
VisualStudioVersion = 17.8.34330.188
MinimumVisualStudioVersion = 10.0.40219.1
Project("{FAE04EC0-301F-11D3-BF4B-00C04F79EFBC}") = "MVCUser", "MVCUser.csproj", "{F729901B-78C9-4652-893B-8F9B98CE4538}"
EndProject
Global
	GlobalSection(SolutionConfigurationPlatforms) = preSolution
		Debug|Any CPU = Debug|Any CPU
		Release|Any CPU = Release|Any CPU
	EndGlobalSection
	GlobalSection(ProjectConfigurationPlatforms) = postSolution
		{F729901B-78C9-4652-893B-8F9B98CE4538}.Debug|Any CPU.ActiveCfg = Debug|Any CPU
		{F729901B-78C9-4652-893B-8F9B98CE4538}.Debug|Any CPU.Build.0 = Debug|Any CPU
		{F729901B-78C9-4652-893B-8F9B98CE4538}.Release|Any CPU.ActiveCfg = Release|Any CPU
		{F729901B-78C9-4652-893B-8F9B98CE4538}.Release|Any CPU.Build.0 = Release|Any CPU
	EndGlobalSection
	GlobalSection(SolutionProperties) = preSolution
		HideSolutionNode = FALSE
	EndGlobalSection
	GlobalSection(ExtensibilityGlobals) = postSolution
		SolutionGuid = {78DD03CE-71C2-44D2-9BBE-3572074C3043}
	EndGlobalSection
EndGlobal
